
Microsoft Visual Studio Solution File, Format Version 12.00
# Visual Studio 15
VisualStudioVersion = 15.0.28010.2026
MinimumVisualStudioVersion = 10.0.40219.1
Project("{FAE04EC0-301F-11D3-BF4B-00C04F79EFBC}") = "ClientFileInformation", "ClientFileInformation\ClientFileInformation.csproj", "{CCDA8588-F217-4611-8995-CEFEE33920DB}"
EndProject
Global
	GlobalSection(SolutionConfigurationPlatforms) = preSolution
		Debug|Any CPU = Debug|Any CPU
		Release|Any CPU = Release|Any CPU
	EndGlobalSection
	GlobalSection(ProjectConfigurationPlatforms) = postSolution
		{CCDA8588-F217-4611-8995-CEFEE33920DB}.Debug|Any CPU.ActiveCfg = Debug|Any CPU
		{CCDA8588-F217-4611-8995-CEFEE33920DB}.Debug|Any CPU.Build.0 = Debug|Any CPU
		{CCDA8588-F217-4611-8995-CEFEE33920DB}.Release|Any CPU.ActiveCfg = Release|Any CPU
		{CCDA8588-F217-4611-8995-CEFEE33920DB}.Release|Any CPU.Build.0 = Release|Any CPU
	EndGlobalSection
	GlobalSection(SolutionProperties) = preSolution
		HideSolutionNode = FALSE
	EndGlobalSection
	GlobalSection(ExtensibilityGlobals) = postSolution
		SolutionGuid = {0AC8D827-FAA2-4683-868A-F1504992CBE9}
	EndGlobalSection
EndGlobal
