
Microsoft Visual Studio Solution File, Format Version 12.00
# Visual Studio 15
VisualStudioVersion = 15.0.28010.2026
MinimumVisualStudioVersion = 10.0.40219.1
Project("{FAE04EC0-301F-11D3-BF4B-00C04F79EFBC}") = "ServerFileInformation", "ServerFileInformation\ServerFileInformation.csproj", "{AA1BD4ED-7C35-46F0-8C31-63364C897513}"
EndProject
Global
	GlobalSection(SolutionConfigurationPlatforms) = preSolution
		Debug|Any CPU = Debug|Any CPU
		Release|Any CPU = Release|Any CPU
	EndGlobalSection
	GlobalSection(ProjectConfigurationPlatforms) = postSolution
		{AA1BD4ED-7C35-46F0-8C31-63364C897513}.Debug|Any CPU.ActiveCfg = Debug|Any CPU
		{AA1BD4ED-7C35-46F0-8C31-63364C897513}.Debug|Any CPU.Build.0 = Debug|Any CPU
		{AA1BD4ED-7C35-46F0-8C31-63364C897513}.Release|Any CPU.ActiveCfg = Release|Any CPU
		{AA1BD4ED-7C35-46F0-8C31-63364C897513}.Release|Any CPU.Build.0 = Release|Any CPU
	EndGlobalSection
	GlobalSection(SolutionProperties) = preSolution
		HideSolutionNode = FALSE
	EndGlobalSection
	GlobalSection(ExtensibilityGlobals) = postSolution
		SolutionGuid = {54AFAB08-9B03-4DC2-A8C0-DA8C71E50765}
	EndGlobalSection
EndGlobal
